
Microsoft Visual Studio Solution File, Format Version 12.00
# Visual Studio Version 17
VisualStudioVersion = 17.14.36518.9
MinimumVisualStudioVersion = 10.0.40219.1
Project("{2150E333-8FDC-42A3-9474-1A3956D46DE8}") = "Task0", "Task0", "{02EA681E-C7D8-13C7-8484-4AC65E1B71E8}"
EndProject
Project("{FAE04EC0-301F-11D3-BF4B-00C04F79EFBC}") = "Tyuiu.KugaevskijSD.Sprint4.Task0.V25", "Tyuiu.KugaevskijSD.Sprint4.Task0.V25\Tyuiu.KugaevskijSD.Sprint4.Task0.V25.csproj", "{ADB6BB13-4A67-49A5-AA31-BE8B6AAF734A}"
EndProject
Project("{FAE04EC0-301F-11D3-BF4B-00C04F79EFBC}") = "Tyuiu.KugaevskijSD.Sprint4.Task0.V25.Lib", "Tyuiu.KugaevskijSD.Sprint4.Task0.V25.Lib\Tyuiu.KugaevskijSD.Sprint4.Task0.V25.Lib.csproj", "{BAB2F709-35B1-4220-B964-36271A940C0B}"
EndProject
Project("{FAE04EC0-301F-11D3-BF4B-00C04F79EFBC}") = "Tyuiu.KugaevskijSD.Sprint4.Task0.V25.Test", "Tyuiu.KugaevskijSD.Sprint4.Task0.V25.Test\Tyuiu.KugaevskijSD.Sprint4.Task0.V25.Test.csproj", "{D92CB438-2EBE-4FA6-B1FC-C3837B404D17}"
EndProject
Project("{2150E333-8FDC-42A3-9474-1A3956D46DE8}") = "Task1", "Task1", "{E00B67C9-959A-4D8B-A7AD-7B82684A6F2B}"
EndProject
Project("{FAE04EC0-301F-11D3-BF4B-00C04F79EFBC}") = "Tyuiu.KugaevskijSD.Sprint4.Task1.V11", "Tyuiu.KugaevskijSD.Sprint4.Task1.V11\Tyuiu.KugaevskijSD.Sprint4.Task1.V11.csproj", "{C46D7440-053F-4CDF-A2F7-21A2657051C3}"
EndProject
Project("{FAE04EC0-301F-11D3-BF4B-00C04F79EFBC}") = "Tyuiu.KugaevskijSD.Sprint4.Task1.V11.Lib", "Tyuiu.KugaevskijSD.Sprint4.Task1.V11.Lib\Tyuiu.KugaevskijSD.Sprint4.Task1.V11.Lib.csproj", "{D18F438B-0781-4CB6-9096-36BE7CDBFDC4}"
EndProject
Project("{FAE04EC0-301F-11D3-BF4B-00C04F79EFBC}") = "Tyuiu.KugaevskijSD.Sprint4.Task1.V11.Test", "Tyuiu.KugaevskijSD.Sprint4.Task1.V11.Test\Tyuiu.KugaevskijSD.Sprint4.Task1.V11.Test.csproj", "{A9CA4743-B1D5-4E30-9096-115936322A6E}"
EndProject
Project("{2150E333-8FDC-42A3-9474-1A3956D46DE8}") = "Task2", "Task2", "{399E4058-C85B-4A7F-A3BB-8EE60E391EFA}"
EndProject
Project("{FAE04EC0-301F-11D3-BF4B-00C04F79EFBC}") = "Tyuiu.KugaevskijSD.Sprint4.Task2.V21", "Tyuiu.KugaevskijSD.Sprint4.Task2.V21\Tyuiu.KugaevskijSD.Sprint4.Task2.V21.csproj", "{06393C94-041A-488B-8FBF-17DF0A4D59ED}"
EndProject
Project("{FAE04EC0-301F-11D3-BF4B-00C04F79EFBC}") = "Tyuiu.KugaevskijSD.Sprint4.Task2.V21.Lib", "Tyuiu.KugaevskijSD.Sprint4.Task2.V21.Lib\Tyuiu.KugaevskijSD.Sprint4.Task2.V21.Lib.csproj", "{FE251568-226E-4168-A5DC-2E55E42F2083}"
EndProject
Project("{FAE04EC0-301F-11D3-BF4B-00C04F79EFBC}") = "Tyuiu.KugaevskijSD.Sprint4.Task2.V21.Test", "Tyuiu.KugaevskijSD.Sprint4.Task2.V21.Test\Tyuiu.KugaevskijSD.Sprint4.Task2.V21.Test.csproj", "{FF33D068-D6F5-40E6-88BB-E5A7D708B098}"
EndProject
Project("{2150E333-8FDC-42A3-9474-1A3956D46DE8}") = "Task3", "Task3", "{8F545D51-BA25-45DA-A496-6E94F63008E9}"
EndProject
Project("{FAE04EC0-301F-11D3-BF4B-00C04F79EFBC}") = "Tyuiu.KugaevskijSD.Sprint4.Task3.V13", "Tyuiu.KugaevskijSD.Sprint4.Task3.V13\Tyuiu.KugaevskijSD.Sprint4.Task3.V13.csproj", "{8FB95FAC-2190-4083-B6E5-13DBE176FB02}"
EndProject
Project("{FAE04EC0-301F-11D3-BF4B-00C04F79EFBC}") = "Tyuiu.KugaevskijSD.Sprint4.Task3.V13.Lib", "Tyuiu.KugaevskijSD.Sprint4.Task3.V13.Lib\Tyuiu.KugaevskijSD.Sprint4.Task3.V13.Lib.csproj", "{428C178E-8BEE-436B-93AB-302E654ECDB3}"
EndProject
Project("{FAE04EC0-301F-11D3-BF4B-00C04F79EFBC}") = "Tyuiu.KugaevskijSD.Sprint4.Task3.V13.Test", "Tyuiu.KugaevskijSD.Sprint4.Task3.V13.Test\Tyuiu.KugaevskijSD.Sprint4.Task3.V13.Test.csproj", "{01A492E0-7E1E-4FC5-AD8B-5BE2C1EBC143}"
EndProject
Project("{2150E333-8FDC-42A3-9474-1A3956D46DE8}") = "Task4", "Task4", "{8B4E6B3A-6EDE-4F60-B99B-B7FEF9475A79}"
EndProject
Project("{FAE04EC0-301F-11D3-BF4B-00C04F79EFBC}") = "Tyuiu.KugaevskijSD.Sprint4.Task4.V30", "Tyuiu.KugaevskijSD.Sprint4.Task4.V30\Tyuiu.KugaevskijSD.Sprint4.Task4.V30.csproj", "{E82A2F6F-B9CC-4058-B9CE-5A50CEF66C3A}"
EndProject
Project("{FAE04EC0-301F-11D3-BF4B-00C04F79EFBC}") = "Tyuiu.KugaevskijSD.Sprint4.Task4.V30.Lib", "Tyuiu.KugaevskijSD.Sprint4.Task4.V30.Lib\Tyuiu.KugaevskijSD.Sprint4.Task4.V30.Lib.csproj", "{5EF086CC-3531-4611-8AEA-B97E7D7D7596}"
EndProject
Project("{FAE04EC0-301F-11D3-BF4B-00C04F79EFBC}") = "Tyuiu.KugaevskijSD.Sprint4.Task4.V30.Test", "Tyuiu.KugaevskijSD.Sprint4.Task4.V30.Test\Tyuiu.KugaevskijSD.Sprint4.Task4.V30.Test.csproj", "{4E586324-02E2-41A1-A86B-95B36BEEFD7F}"
EndProject
Project("{2150E333-8FDC-42A3-9474-1A3956D46DE8}") = "Task5", "Task5", "{E6A1EC4A-38B3-4606-A5D0-515097A5EB28}"
EndProject
Project("{FAE04EC0-301F-11D3-BF4B-00C04F79EFBC}") = "Tyuiu.KugaevskijSD.Sprint4.Task5.V10", "Tyuiu.KugaevskijSD.Sprint4.Task5.V10\Tyuiu.KugaevskijSD.Sprint4.Task5.V10.csproj", "{FF51AB81-E5D1-47F7-909D-A50C45773BD4}"
EndProject
Project("{FAE04EC0-301F-11D3-BF4B-00C04F79EFBC}") = "Tyuiu.KugaevskijSD.Sprint4.Task5.V10.Lib", "Tyuiu.KugaevskijSD.Sprint4.Task5.V10.Lib\Tyuiu.KugaevskijSD.Sprint4.Task5.V10.Lib.csproj", "{AFD685E3-8AE0-4B4D-BFD6-2A0ED471E333}"
EndProject
Project("{FAE04EC0-301F-11D3-BF4B-00C04F79EFBC}") = "Tyuiu.KugaevskijSD.Sprint4.Task5.V10.Test", "Tyuiu.KugaevskijSD.Sprint4.Task5.V10.Test\Tyuiu.KugaevskijSD.Sprint4.Task5.V10.Test.csproj", "{C2B9115C-C7BA-43CC-AF63-C6C08D2B5FFD}"
EndProject
Project("{2150E333-8FDC-42A3-9474-1A3956D46DE8}") = "Task6", "Task6", "{E1D778CA-BE51-4C50-A6F8-B664F6A3B1C1}"
EndProject
Project("{FAE04EC0-301F-11D3-BF4B-00C04F79EFBC}") = "Tyuiu.KugaevskijSD.Sprint4.Task6.V9", "Tyuiu.KugaevskijSD.Sprint4.Task6.V9\Tyuiu.KugaevskijSD.Sprint4.Task6.V9.csproj", "{B422B74F-2B4E-45B6-BE4F-15C6ED2D29F8}"
EndProject
Project("{FAE04EC0-301F-11D3-BF4B-00C04F79EFBC}") = "Tyuiu.KugaevskijSD.Sprint4.Task6.V9.Lib", "Tyuiu.KugaevskijSD.Sprint4.Task6.V9.Lib\Tyuiu.KugaevskijSD.Sprint4.Task6.V9.Lib.csproj", "{185069D2-32DE-4B5F-B58B-67586820BAF2}"
EndProject
Project("{FAE04EC0-301F-11D3-BF4B-00C04F79EFBC}") = "Tyuiu.KugaevskijSD.Sprint4.Task6.V9.Test", "Tyuiu.KugaevskijSD.Sprint4.Task6.V9.Test\Tyuiu.KugaevskijSD.Sprint4.Task6.V9.Test.csproj", "{BCDF79BA-B1F3-48BB-AC37-70987C0BD98A}"
EndProject
Project("{2150E333-8FDC-42A3-9474-1A3956D46DE8}") = "Task7", "Task7", "{2E525466-34E8-4307-9386-184E5A82F922}"
EndProject
Project("{FAE04EC0-301F-11D3-BF4B-00C04F79EFBC}") = "Tyuiu.KugaevskijSD.Sprint4.Task7.V8", "Tyuiu.KugaevskijSD.Sprint4.Task7.V8\Tyuiu.KugaevskijSD.Sprint4.Task7.V8.csproj", "{DC2771B0-9AB0-4525-A0D0-4016A651E0B5}"
EndProject
Project("{FAE04EC0-301F-11D3-BF4B-00C04F79EFBC}") = "Tyuiu.KugaevskijSD.Sprint4.Task7.V8.Lib", "Tyuiu.KugaevskijSD.Sprint4.Task7.V8.Lib\Tyuiu.KugaevskijSD.Sprint4.Task7.V8.Lib.csproj", "{27AA6809-E82D-4B65-85AF-BC1B4DC2A28B}"
EndProject
Project("{FAE04EC0-301F-11D3-BF4B-00C04F79EFBC}") = "Tyuiu.KugaevskijSD.Sprint4.Task7.V8.Test", "Tyuiu.KugaevskijSD.Sprint4.Task7.V8.Test\Tyuiu.KugaevskijSD.Sprint4.Task7.V8.Test.csproj", "{9B19A4AF-F6AE-4AE4-80F0-5F562B460748}"
EndProject
Global
	GlobalSection(SolutionConfigurationPlatforms) = preSolution
		Debug|Any CPU = Debug|Any CPU
		Release|Any CPU = Release|Any CPU
	EndGlobalSection
	GlobalSection(ProjectConfigurationPlatforms) = postSolution
		{ADB6BB13-4A67-49A5-AA31-BE8B6AAF734A}.Debug|Any CPU.ActiveCfg = Debug|Any CPU
		{ADB6BB13-4A67-49A5-AA31-BE8B6AAF734A}.Debug|Any CPU.Build.0 = Debug|Any CPU
		{ADB6BB13-4A67-49A5-AA31-BE8B6AAF734A}.Release|Any CPU.ActiveCfg = Release|Any CPU
		{ADB6BB13-4A67-49A5-AA31-BE8B6AAF734A}.Release|Any CPU.Build.0 = Release|Any CPU
		{BAB2F709-35B1-4220-B964-36271A940C0B}.Debug|Any CPU.ActiveCfg = Debug|Any CPU
		{BAB2F709-35B1-4220-B964-36271A940C0B}.Debug|Any CPU.Build.0 = Debug|Any CPU
		{BAB2F709-35B1-4220-B964-36271A940C0B}.Release|Any CPU.ActiveCfg = Release|Any CPU
		{BAB2F709-35B1-4220-B964-36271A940C0B}.Release|Any CPU.Build.0 = Release|Any CPU
		{D92CB438-2EBE-4FA6-B1FC-C3837B404D17}.Debug|Any CPU.ActiveCfg = Debug|Any CPU
		{D92CB438-2EBE-4FA6-B1FC-C3837B404D17}.Debug|Any CPU.Build.0 = Debug|Any CPU
		{D92CB438-2EBE-4FA6-B1FC-C3837B404D17}.Release|Any CPU.ActiveCfg = Release|Any CPU
		{D92CB438-2EBE-4FA6-B1FC-C3837B404D17}.Release|Any CPU.Build.0 = Release|Any CPU
		{C46D7440-053F-4CDF-A2F7-21A2657051C3}.Debug|Any CPU.ActiveCfg = Debug|Any CPU
		{C46D7440-053F-4CDF-A2F7-21A2657051C3}.Debug|Any CPU.Build.0 = Debug|Any CPU
		{C46D7440-053F-4CDF-A2F7-21A2657051C3}.Release|Any CPU.ActiveCfg = Release|Any CPU
		{C46D7440-053F-4CDF-A2F7-21A2657051C3}.Release|Any CPU.Build.0 = Release|Any CPU
		{D18F438B-0781-4CB6-9096-36BE7CDBFDC4}.Debug|Any CPU.ActiveCfg = Debug|Any CPU
		{D18F438B-0781-4CB6-9096-36BE7CDBFDC4}.Debug|Any CPU.Build.0 = Debug|Any CPU
		{D18F438B-0781-4CB6-9096-36BE7CDBFDC4}.Release|Any CPU.ActiveCfg = Release|Any CPU
		{D18F438B-0781-4CB6-9096-36BE7CDBFDC4}.Release|Any CPU.Build.0 = Release|Any CPU
		{A9CA4743-B1D5-4E30-9096-115936322A6E}.Debug|Any CPU.ActiveCfg = Debug|Any CPU
		{A9CA4743-B1D5-4E30-9096-115936322A6E}.Debug|Any CPU.Build.0 = Debug|Any CPU
		{A9CA4743-B1D5-4E30-9096-115936322A6E}.Release|Any CPU.ActiveCfg = Release|Any CPU
		{A9CA4743-B1D5-4E30-9096-115936322A6E}.Release|Any CPU.Build.0 = Release|Any CPU
		{06393C94-041A-488B-8FBF-17DF0A4D59ED}.Debug|Any CPU.ActiveCfg = Debug|Any CPU
		{06393C94-041A-488B-8FBF-17DF0A4D59ED}.Debug|Any CPU.Build.0 = Debug|Any CPU
		{06393C94-041A-488B-8FBF-17DF0A4D59ED}.Release|Any CPU.ActiveCfg = Release|Any CPU
		{06393C94-041A-488B-8FBF-17DF0A4D59ED}.Release|Any CPU.Build.0 = Release|Any CPU
		{FE251568-226E-4168-A5DC-2E55E42F2083}.Debug|Any CPU.ActiveCfg = Debug|Any CPU
		{FE251568-226E-4168-A5DC-2E55E42F2083}.Debug|Any CPU.Build.0 = Debug|Any CPU
		{FE251568-226E-4168-A5DC-2E55E42F2083}.Release|Any CPU.ActiveCfg = Release|Any CPU
		{FE251568-226E-4168-A5DC-2E55E42F2083}.Release|Any CPU.Build.0 = Release|Any CPU
		{FF33D068-D6F5-40E6-88BB-E5A7D708B098}.Debug|Any CPU.ActiveCfg = Debug|Any CPU
		{FF33D068-D6F5-40E6-88BB-E5A7D708B098}.Debug|Any CPU.Build.0 = Debug|Any CPU
		{FF33D068-D6F5-40E6-88BB-E5A7D708B098}.Release|Any CPU.ActiveCfg = Release|Any CPU
		{FF33D068-D6F5-40E6-88BB-E5A7D708B098}.Release|Any CPU.Build.0 = Release|Any CPU
		{8FB95FAC-2190-4083-B6E5-13DBE176FB02}.Debug|Any CPU.ActiveCfg = Debug|Any CPU
		{8FB95FAC-2190-4083-B6E5-13DBE176FB02}.Debug|Any CPU.Build.0 = Debug|Any CPU
		{8FB95FAC-2190-4083-B6E5-13DBE176FB02}.Release|Any CPU.ActiveCfg = Release|Any CPU
		{8FB95FAC-2190-4083-B6E5-13DBE176FB02}.Release|Any CPU.Build.0 = Release|Any CPU
		{428C178E-8BEE-436B-93AB-302E654ECDB3}.Debug|Any CPU.ActiveCfg = Debug|Any CPU
		{428C178E-8BEE-436B-93AB-302E654ECDB3}.Debug|Any CPU.Build.0 = Debug|Any CPU
		{428C178E-8BEE-436B-93AB-302E654ECDB3}.Release|Any CPU.ActiveCfg = Release|Any CPU
		{428C178E-8BEE-436B-93AB-302E654ECDB3}.Release|Any CPU.Build.0 = Release|Any CPU
		{01A492E0-7E1E-4FC5-AD8B-5BE2C1EBC143}.Debug|Any CPU.ActiveCfg = Debug|Any CPU
		{01A492E0-7E1E-4FC5-AD8B-5BE2C1EBC143}.Debug|Any CPU.Build.0 = Debug|Any CPU
		{01A492E0-7E1E-4FC5-AD8B-5BE2C1EBC143}.Release|Any CPU.ActiveCfg = Release|Any CPU
		{01A492E0-7E1E-4FC5-AD8B-5BE2C1EBC143}.Release|Any CPU.Build.0 = Release|Any CPU
		{E82A2F6F-B9CC-4058-B9CE-5A50CEF66C3A}.Debug|Any CPU.ActiveCfg = Debug|Any CPU
		{E82A2F6F-B9CC-4058-B9CE-5A50CEF66C3A}.Debug|Any CPU.Build.0 = Debug|Any CPU
		{E82A2F6F-B9CC-4058-B9CE-5A50CEF66C3A}.Release|Any CPU.ActiveCfg = Release|Any CPU
		{E82A2F6F-B9CC-4058-B9CE-5A50CEF66C3A}.Release|Any CPU.Build.0 = Release|Any CPU
		{5EF086CC-3531-4611-8AEA-B97E7D7D7596}.Debug|Any CPU.ActiveCfg = Debug|Any CPU
		{5EF086CC-3531-4611-8AEA-B97E7D7D7596}.Debug|Any CPU.Build.0 = Debug|Any CPU
		{5EF086CC-3531-4611-8AEA-B97E7D7D7596}.Release|Any CPU.ActiveCfg = Release|Any CPU
		{5EF086CC-3531-4611-8AEA-B97E7D7D7596}.Release|Any CPU.Build.0 = Release|Any CPU
		{4E586324-02E2-41A1-A86B-95B36BEEFD7F}.Debug|Any CPU.ActiveCfg = Debug|Any CPU
		{4E586324-02E2-41A1-A86B-95B36BEEFD7F}.Debug|Any CPU.Build.0 = Debug|Any CPU
		{4E586324-02E2-41A1-A86B-95B36BEEFD7F}.Release|Any CPU.ActiveCfg = Release|Any CPU
		{4E586324-02E2-41A1-A86B-95B36BEEFD7F}.Release|Any CPU.Build.0 = Release|Any CPU
		{FF51AB81-E5D1-47F7-909D-A50C45773BD4}.Debug|Any CPU.ActiveCfg = Debug|Any CPU
		{FF51AB81-E5D1-47F7-909D-A50C45773BD4}.Debug|Any CPU.Build.0 = Debug|Any CPU
		{FF51AB81-E5D1-47F7-909D-A50C45773BD4}.Release|Any CPU.ActiveCfg = Release|Any CPU
		{FF51AB81-E5D1-47F7-909D-A50C45773BD4}.Release|Any CPU.Build.0 = Release|Any CPU
		{AFD685E3-8AE0-4B4D-BFD6-2A0ED471E333}.Debug|Any CPU.ActiveCfg = Debug|Any CPU
		{AFD685E3-8AE0-4B4D-BFD6-2A0ED471E333}.Debug|Any CPU.Build.0 = Debug|Any CPU
		{AFD685E3-8AE0-4B4D-BFD6-2A0ED471E333}.Release|Any CPU.ActiveCfg = Release|Any CPU
		{AFD685E3-8AE0-4B4D-BFD6-2A0ED471E333}.Release|Any CPU.Build.0 = Release|Any CPU
		{C2B9115C-C7BA-43CC-AF63-C6C08D2B5FFD}.Debug|Any CPU.ActiveCfg = Debug|Any CPU
		{C2B9115C-C7BA-43CC-AF63-C6C08D2B5FFD}.Debug|Any CPU.Build.0 = Debug|Any CPU
		{C2B9115C-C7BA-43CC-AF63-C6C08D2B5FFD}.Release|Any CPU.ActiveCfg = Release|Any CPU
		{C2B9115C-C7BA-43CC-AF63-C6C08D2B5FFD}.Release|Any CPU.Build.0 = Release|Any CPU
		{B422B74F-2B4E-45B6-BE4F-15C6ED2D29F8}.Debug|Any CPU.ActiveCfg = Debug|Any CPU
		{B422B74F-2B4E-45B6-BE4F-15C6ED2D29F8}.Debug|Any CPU.Build.0 = Debug|Any CPU
		{B422B74F-2B4E-45B6-BE4F-15C6ED2D29F8}.Release|Any CPU.ActiveCfg = Release|Any CPU
		{B422B74F-2B4E-45B6-BE4F-15C6ED2D29F8}.Release|Any CPU.Build.0 = Release|Any CPU
		{185069D2-32DE-4B5F-B58B-67586820BAF2}.Debug|Any CPU.ActiveCfg = Debug|Any CPU
		{185069D2-32DE-4B5F-B58B-67586820BAF2}.Debug|Any CPU.Build.0 = Debug|Any CPU
		{185069D2-32DE-4B5F-B58B-67586820BAF2}.Release|Any CPU.ActiveCfg = Release|Any CPU
		{185069D2-32DE-4B5F-B58B-67586820BAF2}.Release|Any CPU.Build.0 = Release|Any CPU
		{BCDF79BA-B1F3-48BB-AC37-70987C0BD98A}.Debug|Any CPU.ActiveCfg = Debug|Any CPU
		{BCDF79BA-B1F3-48BB-AC37-70987C0BD98A}.Debug|Any CPU.Build.0 = Debug|Any CPU
		{BCDF79BA-B1F3-48BB-AC37-70987C0BD98A}.Release|Any CPU.ActiveCfg = Release|Any CPU
		{BCDF79BA-B1F3-48BB-AC37-70987C0BD98A}.Release|Any CPU.Build.0 = Release|Any CPU
		{DC2771B0-9AB0-4525-A0D0-4016A651E0B5}.Debug|Any CPU.ActiveCfg = Debug|Any CPU
		{DC2771B0-9AB0-4525-A0D0-4016A651E0B5}.Debug|Any CPU.Build.0 = Debug|Any CPU
		{DC2771B0-9AB0-4525-A0D0-4016A651E0B5}.Release|Any CPU.ActiveCfg = Release|Any CPU
		{DC2771B0-9AB0-4525-A0D0-4016A651E0B5}.Release|Any CPU.Build.0 = Release|Any CPU
		{27AA6809-E82D-4B65-85AF-BC1B4DC2A28B}.Debug|Any CPU.ActiveCfg = Debug|Any CPU
		{27AA6809-E82D-4B65-85AF-BC1B4DC2A28B}.Debug|Any CPU.Build.0 = Debug|Any CPU
		{27AA6809-E82D-4B65-85AF-BC1B4DC2A28B}.Release|Any CPU.ActiveCfg = Release|Any CPU
		{27AA6809-E82D-4B65-85AF-BC1B4DC2A28B}.Release|Any CPU.Build.0 = Release|Any CPU
		{9B19A4AF-F6AE-4AE4-80F0-5F562B460748}.Debug|Any CPU.ActiveCfg = Debug|Any CPU
		{9B19A4AF-F6AE-4AE4-80F0-5F562B460748}.Debug|Any CPU.Build.0 = Debug|Any CPU
		{9B19A4AF-F6AE-4AE4-80F0-5F562B460748}.Release|Any CPU.ActiveCfg = Release|Any CPU
		{9B19A4AF-F6AE-4AE4-80F0-5F562B460748}.Release|Any CPU.Build.0 = Release|Any CPU
	EndGlobalSection
	GlobalSection(SolutionProperties) = preSolution
		HideSolutionNode = FALSE
	EndGlobalSection
	GlobalSection(NestedProjects) = preSolution
		{ADB6BB13-4A67-49A5-AA31-BE8B6AAF734A} = {02EA681E-C7D8-13C7-8484-4AC65E1B71E8}
		{BAB2F709-35B1-4220-B964-36271A940C0B} = {02EA681E-C7D8-13C7-8484-4AC65E1B71E8}
		{D92CB438-2EBE-4FA6-B1FC-C3837B404D17} = {02EA681E-C7D8-13C7-8484-4AC65E1B71E8}
		{C46D7440-053F-4CDF-A2F7-21A2657051C3} = {E00B67C9-959A-4D8B-A7AD-7B82684A6F2B}
		{D18F438B-0781-4CB6-9096-36BE7CDBFDC4} = {E00B67C9-959A-4D8B-A7AD-7B82684A6F2B}
		{A9CA4743-B1D5-4E30-9096-115936322A6E} = {E00B67C9-959A-4D8B-A7AD-7B82684A6F2B}
		{06393C94-041A-488B-8FBF-17DF0A4D59ED} = {399E4058-C85B-4A7F-A3BB-8EE60E391EFA}
		{FE251568-226E-4168-A5DC-2E55E42F2083} = {399E4058-C85B-4A7F-A3BB-8EE60E391EFA}
		{FF33D068-D6F5-40E6-88BB-E5A7D708B098} = {399E4058-C85B-4A7F-A3BB-8EE60E391EFA}
		{8FB95FAC-2190-4083-B6E5-13DBE176FB02} = {8F545D51-BA25-45DA-A496-6E94F63008E9}
		{428C178E-8BEE-436B-93AB-302E654ECDB3} = {8F545D51-BA25-45DA-A496-6E94F63008E9}
		{01A492E0-7E1E-4FC5-AD8B-5BE2C1EBC143} = {8F545D51-BA25-45DA-A496-6E94F63008E9}
		{E82A2F6F-B9CC-4058-B9CE-5A50CEF66C3A} = {8B4E6B3A-6EDE-4F60-B99B-B7FEF9475A79}
		{5EF086CC-3531-4611-8AEA-B97E7D7D7596} = {8B4E6B3A-6EDE-4F60-B99B-B7FEF9475A79}
		{4E586324-02E2-41A1-A86B-95B36BEEFD7F} = {8B4E6B3A-6EDE-4F60-B99B-B7FEF9475A79}
		{FF51AB81-E5D1-47F7-909D-A50C45773BD4} = {E6A1EC4A-38B3-4606-A5D0-515097A5EB28}
		{AFD685E3-8AE0-4B4D-BFD6-2A0ED471E333} = {E6A1EC4A-38B3-4606-A5D0-515097A5EB28}
		{C2B9115C-C7BA-43CC-AF63-C6C08D2B5FFD} = {E6A1EC4A-38B3-4606-A5D0-515097A5EB28}
		{B422B74F-2B4E-45B6-BE4F-15C6ED2D29F8} = {E1D778CA-BE51-4C50-A6F8-B664F6A3B1C1}
		{185069D2-32DE-4B5F-B58B-67586820BAF2} = {E1D778CA-BE51-4C50-A6F8-B664F6A3B1C1}
		{BCDF79BA-B1F3-48BB-AC37-70987C0BD98A} = {E1D778CA-BE51-4C50-A6F8-B664F6A3B1C1}
		{DC2771B0-9AB0-4525-A0D0-4016A651E0B5} = {2E525466-34E8-4307-9386-184E5A82F922}
		{27AA6809-E82D-4B65-85AF-BC1B4DC2A28B} = {2E525466-34E8-4307-9386-184E5A82F922}
		{9B19A4AF-F6AE-4AE4-80F0-5F562B460748} = {2E525466-34E8-4307-9386-184E5A82F922}
	EndGlobalSection
	GlobalSection(ExtensibilityGlobals) = postSolution
		SolutionGuid = {1AE62C42-4942-4149-98DB-07A44D6C681E}
	EndGlobalSection
EndGlobal
